
Microsoft Visual Studio Solution File, Format Version 12.00
# Visual Studio Version 17
VisualStudioVersion = 17.5.001.0
MinimumVisualStudioVersion = 10.0.40219.1
Project("{9A19103F-16F7-4668-BE54-9A1E7A4F7556}") = "CookieAuthenticatioin", "CookieAuthenticatioin.csproj", "{3EA887E8-BF89-43D5-B99C-94B4FB5C2F9A}"
EndProject
Global
	GlobalSection(SolutionConfigurationPlatforms) = preSolution
		Debug|Any CPU = Debug|Any CPU
		Release|Any CPU = Release|Any CPU
	EndGlobalSection
	GlobalSection(ProjectConfigurationPlatforms) = postSolution
		{3EA887E8-BF89-43D5-B99C-94B4FB5C2F9A}.Debug|Any CPU.ActiveCfg = Debug|Any CPU
		{3EA887E8-BF89-43D5-B99C-94B4FB5C2F9A}.Debug|Any CPU.Build.0 = Debug|Any CPU
		{3EA887E8-BF89-43D5-B99C-94B4FB5C2F9A}.Release|Any CPU.ActiveCfg = Release|Any CPU
		{3EA887E8-BF89-43D5-B99C-94B4FB5C2F9A}.Release|Any CPU.Build.0 = Release|Any CPU
	EndGlobalSection
	GlobalSection(SolutionProperties) = preSolution
		HideSolutionNode = FALSE
	EndGlobalSection
	GlobalSection(ExtensibilityGlobals) = postSolution
		SolutionGuid = {64AF7025-30AD-4482-A9DB-2B209714B98C}
	EndGlobalSection
EndGlobal
